
Microsoft Visual Studio Solution File, Format Version 12.00
Project("{2150E333-8FDC-42A3-9474-1A3956D46DE8}") = "Core", "Core", "{C3AF633F-8B6B-400B-B62E-90B4C1D514BE}"
EndProject
Project("{2150E333-8FDC-42A3-9474-1A3956D46DE8}") = "Tests", "Tests", "{8C86C5D1-D2AC-4E7E-B565-683FBB790BF7}"
EndProject
Project("{2150E333-8FDC-42A3-9474-1A3956D46DE8}") = "Solution Items", "Solution Items", "{061A7CEF-A205-4E81-8E40-6B2DBA94BE42}"
	ProjectSection(SolutionItems) = preProject
		.\README.md = .\README.md
	EndProjectSection
EndProject
Project("{FAE04EC0-301F-11D3-BF4B-00C04F79EFBC}") = "Core", ".\Core\Core.csproj", "{15A8F112-59B8-4329-9043-61D48C57B50B}"
EndProject
Project("{2150E333-8FDC-42A3-9474-1A3956D46DE8}") = "Characters", ".\Characters", "{A149A196-EB19-4A34-AA9E-A9A0B448D6AB}"
EndProject
Project("{FAE04EC0-301F-11D3-BF4B-00C04F79EFBC}") = "PlayableCharacters", ".\PlayableCharacters\PlayableCharacters.csproj", "{B0CDD234-24E5-4D0E-92FA-69539D23D7AF}"
EndProject
Project("{FAE04EC0-301F-11D3-BF4B-00C04F79EFBC}") = "NonPlayableCharacters", ".\NonPlayableCharacters\NonPlayableCharacters.csproj", "{F94A4ED1-4BF2-4D68-B852-90CD3F803580}"
EndProject
Project("{2150E333-8FDC-42A3-9474-1A3956D46DE8}") = "GameplayMechanics", ".\GameplayMechanics", "{7CF27888-16E8-4927-8CA3-304B3F1CC61A}"
EndProject
Project("{FAE04EC0-301F-11D3-BF4B-00C04F79EFBC}") = "DiceRolling", ".\DiceRolling\DiceRolling.csproj", "{5E6FBF65-2594-4A26-8073-B90CC26139CE}"
EndProject
Project("{FAE04EC0-301F-11D3-BF4B-00C04F79EFBC}") = "Equipment", ".\Equipment\Equipment.csproj", "{00BBBE1E-04D9-4DB7-A561-02F13E0FAD61}"
EndProject
Project("{FAE04EC0-301F-11D3-BF4B-00C04F79EFBC}") = "Combat", "Combat\Combat.csproj", "{612B8D9C-11A3-4298-923F-EACB49A964E4}"
EndProject
Project("{FAE04EC0-301F-11D3-BF4B-00C04F79EFBC}") = "Jobs", ".\Jobs\Jobs.csproj", "{818212E1-7EA5-4F69-A167-695A12B0CC09}"
EndProject
Project("{FAE04EC0-301F-11D3-BF4B-00C04F79EFBC}") = "Species", ".\Species\Species.csproj", "{F0A5A456-0A10-4A5E-BB15-E3C38CD0DBFD}"
EndProject
Project("{FAE04EC0-301F-11D3-BF4B-00C04F79EFBC}") = "Battlefield", ".\Battlefield\Battlefield.csproj", "{A65051C2-879E-4978-A512-FC8076A8EBBE}"
EndProject
Project("{FAE04EC0-301F-11D3-BF4B-00C04F79EFBC}") = "Upbringings", "Upbringings\Upbringings.csproj", "{AECEF529-ED24-4ABC-A631-FC4514842753}"
EndProject
Project("{FAE04EC0-301F-11D3-BF4B-00C04F79EFBC}") = "Encounters", "Encounters\Encounters.csproj", "{F60C2864-3E7D-41CD-86FD-146867ED961A}"
EndProject
Global
	GlobalSection(SolutionConfigurationPlatforms) = preSolution
		Debug|Any CPU = Debug|Any CPU
		Release|Any CPU = Release|Any CPU
	EndGlobalSection
	GlobalSection(NestedProjects) = preSolution
		{15A8F112-59B8-4329-9043-61D48C57B50B} = {C3AF633F-8B6B-400B-B62E-90B4C1D514BE}
		{B0CDD234-24E5-4D0E-92FA-69539D23D7AF} = {A149A196-EB19-4A34-AA9E-A9A0B448D6AB}
		{F94A4ED1-4BF2-4D68-B852-90CD3F803580} = {A149A196-EB19-4A34-AA9E-A9A0B448D6AB}
		{5E6FBF65-2594-4A26-8073-B90CC26139CE} = {7CF27888-16E8-4927-8CA3-304B3F1CC61A}
		{00BBBE1E-04D9-4DB7-A561-02F13E0FAD61} = {7CF27888-16E8-4927-8CA3-304B3F1CC61A}
		{612B8D9C-11A3-4298-923F-EACB49A964E4} = {7CF27888-16E8-4927-8CA3-304B3F1CC61A}
		{818212E1-7EA5-4F69-A167-695A12B0CC09} = {A149A196-EB19-4A34-AA9E-A9A0B448D6AB}
		{F0A5A456-0A10-4A5E-BB15-E3C38CD0DBFD} = {A149A196-EB19-4A34-AA9E-A9A0B448D6AB}
		{A65051C2-879E-4978-A512-FC8076A8EBBE} = {7CF27888-16E8-4927-8CA3-304B3F1CC61A}
		{AECEF529-ED24-4ABC-A631-FC4514842753} = {A149A196-EB19-4A34-AA9E-A9A0B448D6AB}
		{F60C2864-3E7D-41CD-86FD-146867ED961A} = {7CF27888-16E8-4927-8CA3-304B3F1CC61A}
	EndGlobalSection
	GlobalSection(ProjectConfigurationPlatforms) = postSolution
		{15A8F112-59B8-4329-9043-61D48C57B50B}.Debug|Any CPU.ActiveCfg = Debug|Any CPU
		{15A8F112-59B8-4329-9043-61D48C57B50B}.Debug|Any CPU.Build.0 = Debug|Any CPU
		{15A8F112-59B8-4329-9043-61D48C57B50B}.Release|Any CPU.ActiveCfg = Release|Any CPU
		{15A8F112-59B8-4329-9043-61D48C57B50B}.Release|Any CPU.Build.0 = Release|Any CPU
		{B0CDD234-24E5-4D0E-92FA-69539D23D7AF}.Debug|Any CPU.ActiveCfg = Debug|Any CPU
		{B0CDD234-24E5-4D0E-92FA-69539D23D7AF}.Debug|Any CPU.Build.0 = Debug|Any CPU
		{B0CDD234-24E5-4D0E-92FA-69539D23D7AF}.Release|Any CPU.ActiveCfg = Release|Any CPU
		{B0CDD234-24E5-4D0E-92FA-69539D23D7AF}.Release|Any CPU.Build.0 = Release|Any CPU
		{F94A4ED1-4BF2-4D68-B852-90CD3F803580}.Debug|Any CPU.ActiveCfg = Debug|Any CPU
		{F94A4ED1-4BF2-4D68-B852-90CD3F803580}.Debug|Any CPU.Build.0 = Debug|Any CPU
		{F94A4ED1-4BF2-4D68-B852-90CD3F803580}.Release|Any CPU.ActiveCfg = Release|Any CPU
		{F94A4ED1-4BF2-4D68-B852-90CD3F803580}.Release|Any CPU.Build.0 = Release|Any CPU
		{5E6FBF65-2594-4A26-8073-B90CC26139CE}.Debug|Any CPU.ActiveCfg = Debug|Any CPU
		{5E6FBF65-2594-4A26-8073-B90CC26139CE}.Debug|Any CPU.Build.0 = Debug|Any CPU
		{5E6FBF65-2594-4A26-8073-B90CC26139CE}.Release|Any CPU.ActiveCfg = Release|Any CPU
		{5E6FBF65-2594-4A26-8073-B90CC26139CE}.Release|Any CPU.Build.0 = Release|Any CPU
		{00BBBE1E-04D9-4DB7-A561-02F13E0FAD61}.Debug|Any CPU.ActiveCfg = Debug|Any CPU
		{00BBBE1E-04D9-4DB7-A561-02F13E0FAD61}.Debug|Any CPU.Build.0 = Debug|Any CPU
		{00BBBE1E-04D9-4DB7-A561-02F13E0FAD61}.Release|Any CPU.ActiveCfg = Release|Any CPU
		{00BBBE1E-04D9-4DB7-A561-02F13E0FAD61}.Release|Any CPU.Build.0 = Release|Any CPU
		{612B8D9C-11A3-4298-923F-EACB49A964E4}.Debug|Any CPU.ActiveCfg = Debug|Any CPU
		{612B8D9C-11A3-4298-923F-EACB49A964E4}.Debug|Any CPU.Build.0 = Debug|Any CPU
		{612B8D9C-11A3-4298-923F-EACB49A964E4}.Release|Any CPU.ActiveCfg = Release|Any CPU
		{612B8D9C-11A3-4298-923F-EACB49A964E4}.Release|Any CPU.Build.0 = Release|Any CPU
		{818212E1-7EA5-4F69-A167-695A12B0CC09}.Debug|Any CPU.ActiveCfg = Debug|Any CPU
		{818212E1-7EA5-4F69-A167-695A12B0CC09}.Debug|Any CPU.Build.0 = Debug|Any CPU
		{818212E1-7EA5-4F69-A167-695A12B0CC09}.Release|Any CPU.ActiveCfg = Release|Any CPU
		{818212E1-7EA5-4F69-A167-695A12B0CC09}.Release|Any CPU.Build.0 = Release|Any CPU
		{F0A5A456-0A10-4A5E-BB15-E3C38CD0DBFD}.Debug|Any CPU.ActiveCfg = Debug|Any CPU
		{F0A5A456-0A10-4A5E-BB15-E3C38CD0DBFD}.Debug|Any CPU.Build.0 = Debug|Any CPU
		{F0A5A456-0A10-4A5E-BB15-E3C38CD0DBFD}.Release|Any CPU.ActiveCfg = Release|Any CPU
		{F0A5A456-0A10-4A5E-BB15-E3C38CD0DBFD}.Release|Any CPU.Build.0 = Release|Any CPU
		{A65051C2-879E-4978-A512-FC8076A8EBBE}.Debug|Any CPU.ActiveCfg = Debug|Any CPU
		{A65051C2-879E-4978-A512-FC8076A8EBBE}.Debug|Any CPU.Build.0 = Debug|Any CPU
		{A65051C2-879E-4978-A512-FC8076A8EBBE}.Release|Any CPU.ActiveCfg = Release|Any CPU
		{A65051C2-879E-4978-A512-FC8076A8EBBE}.Release|Any CPU.Build.0 = Release|Any CPU
		{AECEF529-ED24-4ABC-A631-FC4514842753}.Debug|Any CPU.ActiveCfg = Debug|Any CPU
		{AECEF529-ED24-4ABC-A631-FC4514842753}.Debug|Any CPU.Build.0 = Debug|Any CPU
		{AECEF529-ED24-4ABC-A631-FC4514842753}.Release|Any CPU.ActiveCfg = Release|Any CPU
		{AECEF529-ED24-4ABC-A631-FC4514842753}.Release|Any CPU.Build.0 = Release|Any CPU
		{F60C2864-3E7D-41CD-86FD-146867ED961A}.Debug|Any CPU.ActiveCfg = Debug|Any CPU
		{F60C2864-3E7D-41CD-86FD-146867ED961A}.Debug|Any CPU.Build.0 = Debug|Any CPU
		{F60C2864-3E7D-41CD-86FD-146867ED961A}.Release|Any CPU.ActiveCfg = Release|Any CPU
		{F60C2864-3E7D-41CD-86FD-146867ED961A}.Release|Any CPU.Build.0 = Release|Any CPU
	EndGlobalSection
EndGlobal
